// !$*UTF8*$!
{
	archiveVersion = 1;
	classes = {
	};
	objectVersion = 56;
	objects = {

/* Begin PBXBuildFile section */
		C44CA03B29D335AF00CF44E1 /* TrackerCell.swift in Sources */ = {isa = PBXBuildFile; fileRef = C44CA03A29D335AF00CF44E1 /* TrackerCell.swift */; };
		C44CA04129D4293400CF44E1 /* TrackerCategory.swift in Sources */ = {isa = PBXBuildFile; fileRef = C44CA04029D4293400CF44E1 /* TrackerCategory.swift */; };
		C44CA04329D4294300CF44E1 /* TrackerRecord.swift in Sources */ = {isa = PBXBuildFile; fileRef = C44CA04229D4294300CF44E1 /* TrackerRecord.swift */; };
		C44CA04629D46F4300CF44E1 /* TrackerCategoryView.swift in Sources */ = {isa = PBXBuildFile; fileRef = C44CA04529D46F4300CF44E1 /* TrackerCategoryView.swift */; };
		C44CA04829D5817C00CF44E1 /* CreateEventCell.swift in Sources */ = {isa = PBXBuildFile; fileRef = C44CA04729D5817C00CF44E1 /* CreateEventCell.swift */; };
		C44CA04A29D5D0DB00CF44E1 /* EventCellHeaderView.swift in Sources */ = {isa = PBXBuildFile; fileRef = C44CA04929D5D0DB00CF44E1 /* EventCellHeaderView.swift */; };
		C48849D229D22F2C00A80AA6 /* UIColor+extension.swift in Sources */ = {isa = PBXBuildFile; fileRef = C48849D129D22F2C00A80AA6 /* UIColor+extension.swift */; };
		C48849D429D30A9100A80AA6 /* TabBarViewController.swift in Sources */ = {isa = PBXBuildFile; fileRef = C48849D329D30A9100A80AA6 /* TabBarViewController.swift */; };
		C48849D729D30AE900A80AA6 /* CreateEventViewController.swift in Sources */ = {isa = PBXBuildFile; fileRef = C48849D629D30AE900A80AA6 /* CreateEventViewController.swift */; };
		C48849DB29D3146D00A80AA6 /* TrackerModel.swift in Sources */ = {isa = PBXBuildFile; fileRef = C48849DA29D3146D00A80AA6 /* TrackerModel.swift */; };
		C48849DE29D315D300A80AA6 /* StatisticsViewController.swift in Sources */ = {isa = PBXBuildFile; fileRef = C48849DD29D315D300A80AA6 /* StatisticsViewController.swift */; };
		C48849E029D31FE000A80AA6 /* UICollectionView+extension.swift in Sources */ = {isa = PBXBuildFile; fileRef = C48849DF29D31FE000A80AA6 /* UICollectionView+extension.swift */; };
		C4A56D0629DB043F00038E38 /* Int+extension.swift in Sources */ = {isa = PBXBuildFile; fileRef = C4A56D0529DB043F00038E38 /* Int+extension.swift */; };
		C4A56D0829DB0DB700038E38 /* ScheduleViewController.swift in Sources */ = {isa = PBXBuildFile; fileRef = C4A56D0729DB0DB700038E38 /* ScheduleViewController.swift */; };
		C4A56D0A29DB1B2B00038E38 /* EventTypeSelectionViewController.swift in Sources */ = {isa = PBXBuildFile; fileRef = C4A56D0929DB1B2B00038E38 /* EventTypeSelectionViewController.swift */; };
		C4F8C03029CC788D00284B5A /* AppDelegate.swift in Sources */ = {isa = PBXBuildFile; fileRef = C4F8C02F29CC788D00284B5A /* AppDelegate.swift */; };
		C4F8C03229CC788D00284B5A /* SceneDelegate.swift in Sources */ = {isa = PBXBuildFile; fileRef = C4F8C03129CC788D00284B5A /* SceneDelegate.swift */; };
		C4F8C03429CC788D00284B5A /* TrackersViewController.swift in Sources */ = {isa = PBXBuildFile; fileRef = C4F8C03329CC788D00284B5A /* TrackersViewController.swift */; };
		C4F8C03929CC788E00284B5A /* Assets.xcassets in Resources */ = {isa = PBXBuildFile; fileRef = C4F8C03829CC788E00284B5A /* Assets.xcassets */; };
		C4F8C03C29CC788E00284B5A /* LaunchScreen.storyboard in Resources */ = {isa = PBXBuildFile; fileRef = C4F8C03A29CC788E00284B5A /* LaunchScreen.storyboard */; };
/* End PBXBuildFile section */

/* Begin PBXFileReference section */
		C44CA03A29D335AF00CF44E1 /* TrackerCell.swift */ = {isa = PBXFileReference; lastKnownFileType = sourcecode.swift; path = TrackerCell.swift; sourceTree = "<group>"; };
		C44CA04029D4293400CF44E1 /* TrackerCategory.swift */ = {isa = PBXFileReference; lastKnownFileType = sourcecode.swift; path = TrackerCategory.swift; sourceTree = "<group>"; };
		C44CA04229D4294300CF44E1 /* TrackerRecord.swift */ = {isa = PBXFileReference; lastKnownFileType = sourcecode.swift; path = TrackerRecord.swift; sourceTree = "<group>"; };
		C44CA04529D46F4300CF44E1 /* TrackerCategoryView.swift */ = {isa = PBXFileReference; lastKnownFileType = sourcecode.swift; path = TrackerCategoryView.swift; sourceTree = "<group>"; };
		C44CA04729D5817C00CF44E1 /* CreateEventCell.swift */ = {isa = PBXFileReference; lastKnownFileType = sourcecode.swift; path = CreateEventCell.swift; sourceTree = "<group>"; };
		C44CA04929D5D0DB00CF44E1 /* EventCellHeaderView.swift */ = {isa = PBXFileReference; lastKnownFileType = sourcecode.swift; path = EventCellHeaderView.swift; sourceTree = "<group>"; };
		C48849D129D22F2C00A80AA6 /* UIColor+extension.swift */ = {isa = PBXFileReference; lastKnownFileType = sourcecode.swift; path = "UIColor+extension.swift"; sourceTree = "<group>"; };
		C48849D329D30A9100A80AA6 /* TabBarViewController.swift */ = {isa = PBXFileReference; lastKnownFileType = sourcecode.swift; path = TabBarViewController.swift; sourceTree = "<group>"; };
		C48849D629D30AE900A80AA6 /* CreateEventViewController.swift */ = {isa = PBXFileReference; lastKnownFileType = sourcecode.swift; path = CreateEventViewController.swift; sourceTree = "<group>"; };
		C48849DA29D3146D00A80AA6 /* TrackerModel.swift */ = {isa = PBXFileReference; lastKnownFileType = sourcecode.swift; path = TrackerModel.swift; sourceTree = "<group>"; };
		C48849DD29D315D300A80AA6 /* StatisticsViewController.swift */ = {isa = PBXFileReference; lastKnownFileType = sourcecode.swift; path = StatisticsViewController.swift; sourceTree = "<group>"; };
		C48849DF29D31FE000A80AA6 /* UICollectionView+extension.swift */ = {isa = PBXFileReference; lastKnownFileType = sourcecode.swift; path = "UICollectionView+extension.swift"; sourceTree = "<group>"; };
		C4A56D0529DB043F00038E38 /* Int+extension.swift */ = {isa = PBXFileReference; lastKnownFileType = sourcecode.swift; path = "Int+extension.swift"; sourceTree = "<group>"; };
		C4A56D0729DB0DB700038E38 /* ScheduleViewController.swift */ = {isa = PBXFileReference; lastKnownFileType = sourcecode.swift; path = ScheduleViewController.swift; sourceTree = "<group>"; };
		C4A56D0929DB1B2B00038E38 /* EventTypeSelectionViewController.swift */ = {isa = PBXFileReference; lastKnownFileType = sourcecode.swift; path = EventTypeSelectionViewController.swift; sourceTree = "<group>"; };
		C4F8C02C29CC788D00284B5A /* TrackerApp.app */ = {isa = PBXFileReference; explicitFileType = wrapper.application; includeInIndex = 0; path = TrackerApp.app; sourceTree = BUILT_PRODUCTS_DIR; };
		C4F8C02F29CC788D00284B5A /* AppDelegate.swift */ = {isa = PBXFileReference; lastKnownFileType = sourcecode.swift; path = AppDelegate.swift; sourceTree = "<group>"; };
		C4F8C03129CC788D00284B5A /* SceneDelegate.swift */ = {isa = PBXFileReference; lastKnownFileType = sourcecode.swift; path = SceneDelegate.swift; sourceTree = "<group>"; };
		C4F8C03329CC788D00284B5A /* TrackersViewController.swift */ = {isa = PBXFileReference; lastKnownFileType = sourcecode.swift; path = TrackersViewController.swift; sourceTree = "<group>"; };
		C4F8C03829CC788E00284B5A /* Assets.xcassets */ = {isa = PBXFileReference; lastKnownFileType = folder.assetcatalog; path = Assets.xcassets; sourceTree = "<group>"; };
		C4F8C03B29CC788E00284B5A /* Base */ = {isa = PBXFileReference; lastKnownFileType = file.storyboard; name = Base; path = Base.lproj/LaunchScreen.storyboard; sourceTree = "<group>"; };
		C4F8C03D29CC788E00284B5A /* Info.plist */ = {isa = PBXFileReference; lastKnownFileType = text.plist.xml; path = Info.plist; sourceTree = "<group>"; };
/* End PBXFileReference section */

/* Begin PBXFrameworksBuildPhase section */
		C4F8C02929CC788D00284B5A /* Frameworks */ = {
			isa = PBXFrameworksBuildPhase;
			buildActionMask = 2147483647;
			files = (
			);
			runOnlyForDeploymentPostprocessing = 0;
		};
/* End PBXFrameworksBuildPhase section */

/* Begin PBXGroup section */
		C44CA04429D46F0400CF44E1 /* CreateEventViewControllers */ = {
			isa = PBXGroup;
			children = (
				C4A56D0929DB1B2B00038E38 /* EventTypeSelectionViewController.swift */,
				C48849D629D30AE900A80AA6 /* CreateEventViewController.swift */,
				C44CA04729D5817C00CF44E1 /* CreateEventCell.swift */,
				C44CA04929D5D0DB00CF44E1 /* EventCellHeaderView.swift */,
				C4A56D0729DB0DB700038E38 /* ScheduleViewController.swift */,
			);
			path = CreateEventViewControllers;
			sourceTree = "<group>";
		};
		C48849D029D22F0B00A80AA6 /* Helpers */ = {
			isa = PBXGroup;
			children = (
				C48849D129D22F2C00A80AA6 /* UIColor+extension.swift */,
				C48849DF29D31FE000A80AA6 /* UICollectionView+extension.swift */,
				C4A56D0529DB043F00038E38 /* Int+extension.swift */,
			);
			path = Helpers;
			sourceTree = "<group>";
		};
		C48849D529D30AA700A80AA6 /* Treckers */ = {
			isa = PBXGroup;
			children = (
				C4F8C03329CC788D00284B5A /* TrackersViewController.swift */,
				C44CA03A29D335AF00CF44E1 /* TrackerCell.swift */,
				C44CA04529D46F4300CF44E1 /* TrackerCategoryView.swift */,
			);
			path = Treckers;
			sourceTree = "<group>";
		};
		C48849D829D30EE700A80AA6 /* TabBar */ = {
			isa = PBXGroup;
			children = (
				C48849D329D30A9100A80AA6 /* TabBarViewController.swift */,
			);
			path = TabBar;
			sourceTree = "<group>";
		};
		C48849D929D3145200A80AA6 /* Models */ = {
			isa = PBXGroup;
			children = (
				C48849DA29D3146D00A80AA6 /* TrackerModel.swift */,
				C44CA04029D4293400CF44E1 /* TrackerCategory.swift */,
				C44CA04229D4294300CF44E1 /* TrackerRecord.swift */,
			);
			path = Models;
			sourceTree = "<group>";
		};
		C48849DC29D315B500A80AA6 /* Statistics */ = {
			isa = PBXGroup;
			children = (
				C48849DD29D315D300A80AA6 /* StatisticsViewController.swift */,
			);
			path = Statistics;
			sourceTree = "<group>";
		};
		C4F8C02329CC788D00284B5A = {
			isa = PBXGroup;
			children = (
				C4F8C02E29CC788D00284B5A /* TrackerApp */,
				C4F8C02D29CC788D00284B5A /* Products */,
			);
			sourceTree = "<group>";
		};
		C4F8C02D29CC788D00284B5A /* Products */ = {
			isa = PBXGroup;
			children = (
				C4F8C02C29CC788D00284B5A /* TrackerApp.app */,
			);
			name = Products;
			sourceTree = "<group>";
		};
		C4F8C02E29CC788D00284B5A /* TrackerApp */ = {
			isa = PBXGroup;
			children = (
				C4F8C02F29CC788D00284B5A /* AppDelegate.swift */,
				C4F8C03129CC788D00284B5A /* SceneDelegate.swift */,
				C48849D829D30EE700A80AA6 /* TabBar */,
				C48849D529D30AA700A80AA6 /* Treckers */,
				C44CA04429D46F0400CF44E1 /* CreateEventViewControllers */,
				C48849DC29D315B500A80AA6 /* Statistics */,
				C48849D929D3145200A80AA6 /* Models */,
				C48849D029D22F0B00A80AA6 /* Helpers */,
				C4F8C03829CC788E00284B5A /* Assets.xcassets */,
				C4F8C03A29CC788E00284B5A /* LaunchScreen.storyboard */,
				C4F8C03D29CC788E00284B5A /* Info.plist */,
			);
			path = TrackerApp;
			sourceTree = "<group>";
		};
/* End PBXGroup section */

/* Begin PBXNativeTarget section */
		C4F8C02B29CC788D00284B5A /* TrackerApp */ = {
			isa = PBXNativeTarget;
			buildConfigurationList = C4F8C04029CC788E00284B5A /* Build configuration list for PBXNativeTarget "TrackerApp" */;
			buildPhases = (
				C4F8C02829CC788D00284B5A /* Sources */,
				C4F8C02929CC788D00284B5A /* Frameworks */,
				C4F8C02A29CC788D00284B5A /* Resources */,
			);
			buildRules = (
			);
			dependencies = (
			);
			name = TrackerApp;
			productName = TrackerApp;
			productReference = C4F8C02C29CC788D00284B5A /* TrackerApp.app */;
			productType = "com.apple.product-type.application";
		};
/* End PBXNativeTarget section */

/* Begin PBXProject section */
		C4F8C02429CC788D00284B5A /* Project object */ = {
			isa = PBXProject;
			attributes = {
				BuildIndependentTargetsInParallel = 1;
				LastSwiftUpdateCheck = 1420;
				LastUpgradeCheck = 1420;
				TargetAttributes = {
					C4F8C02B29CC788D00284B5A = {
						CreatedOnToolsVersion = 14.2;
					};
				};
			};
			buildConfigurationList = C4F8C02729CC788D00284B5A /* Build configuration list for PBXProject "TrackerApp" */;
			compatibilityVersion = "Xcode 14.0";
			developmentRegion = en;
			hasScannedForEncodings = 0;
			knownRegions = (
				en,
				Base,
			);
			mainGroup = C4F8C02329CC788D00284B5A;
			productRefGroup = C4F8C02D29CC788D00284B5A /* Products */;
			projectDirPath = "";
			projectRoot = "";
			targets = (
				C4F8C02B29CC788D00284B5A /* TrackerApp */,
			);
		};
/* End PBXProject section */

/* Begin PBXResourcesBuildPhase section */
		C4F8C02A29CC788D00284B5A /* Resources */ = {
			isa = PBXResourcesBuildPhase;
			buildActionMask = 2147483647;
			files = (
				C4F8C03C29CC788E00284B5A /* LaunchScreen.storyboard in Resources */,
				C4F8C03929CC788E00284B5A /* Assets.xcassets in Resources */,
			);
			runOnlyForDeploymentPostprocessing = 0;
		};
/* End PBXResourcesBuildPhase section */

/* Begin PBXSourcesBuildPhase section */
		C4F8C02829CC788D00284B5A /* Sources */ = {
			isa = PBXSourcesBuildPhase;
			buildActionMask = 2147483647;
			files = (
				C44CA03B29D335AF00CF44E1 /* TrackerCell.swift in Sources */,
				C4A56D0629DB043F00038E38 /* Int+extension.swift in Sources */,
				C4A56D0829DB0DB700038E38 /* ScheduleViewController.swift in Sources */,
				C44CA04A29D5D0DB00CF44E1 /* EventCellHeaderView.swift in Sources */,
				C4F8C03429CC788D00284B5A /* TrackersViewController.swift in Sources */,
				C4F8C03029CC788D00284B5A /* AppDelegate.swift in Sources */,
				C44CA04329D4294300CF44E1 /* TrackerRecord.swift in Sources */,
				C48849E029D31FE000A80AA6 /* UICollectionView+extension.swift in Sources */,
				C4F8C03229CC788D00284B5A /* SceneDelegate.swift in Sources */,
				C44CA04829D5817C00CF44E1 /* CreateEventCell.swift in Sources */,
				C44CA04129D4293400CF44E1 /* TrackerCategory.swift in Sources */,
				C48849DE29D315D300A80AA6 /* StatisticsViewController.swift in Sources */,
				C4A56D0A29DB1B2B00038E38 /* EventTypeSelectionViewController.swift in Sources */,
				C48849D729D30AE900A80AA6 /* CreateEventViewController.swift in Sources */,
				C44CA04629D46F4300CF44E1 /* TrackerCategoryView.swift in Sources */,
				C48849D429D30A9100A80AA6 /* TabBarViewController.swift in Sources */,
				C48849D229D22F2C00A80AA6 /* UIColor+extension.swift in Sources */,
				C48849DB29D3146D00A80AA6 /* TrackerModel.swift in Sources */,
			);
			runOnlyForDeploymentPostprocessing = 0;
		};
/* End PBXSourcesBuildPhase section */

/* Begin PBXVariantGroup section */
		C4F8C03A29CC788E00284B5A /* LaunchScreen.storyboard */ = {
			isa = PBXVariantGroup;
			children = (
				C4F8C03B29CC788E00284B5A /* Base */,
			);
			name = LaunchScreen.storyboard;
			sourceTree = "<group>";
		};
/* End PBXVariantGroup section */

/* Begin XCBuildConfiguration section */
		C4F8C03E29CC788E00284B5A /* Debug */ = {
			isa = XCBuildConfiguration;
			buildSettings = {
				ALWAYS_SEARCH_USER_PATHS = NO;
				CLANG_ANALYZER_NONNULL = YES;
				CLANG_ANALYZER_NUMBER_OBJECT_CONVERSION = YES_AGGRESSIVE;
				CLANG_CXX_LANGUAGE_STANDARD = "gnu++20";
				CLANG_ENABLE_MODULES = YES;
				CLANG_ENABLE_OBJC_ARC = YES;
				CLANG_ENABLE_OBJC_WEAK = YES;
				CLANG_WARN_BLOCK_CAPTURE_AUTORELEASING = YES;
				CLANG_WARN_BOOL_CONVERSION = YES;
				CLANG_WARN_COMMA = YES;
				CLANG_WARN_CONSTANT_CONVERSION = YES;
				CLANG_WARN_DEPRECATED_OBJC_IMPLEMENTATIONS = YES;
				CLANG_WARN_DIRECT_OBJC_ISA_USAGE = YES_ERROR;
				CLANG_WARN_DOCUMENTATION_COMMENTS = YES;
				CLANG_WARN_EMPTY_BODY = YES;
				CLANG_WARN_ENUM_CONVERSION = YES;
				CLANG_WARN_INFINITE_RECURSION = YES;
				CLANG_WARN_INT_CONVERSION = YES;
				CLANG_WARN_NON_LITERAL_NULL_CONVERSION = YES;
				CLANG_WARN_OBJC_IMPLICIT_RETAIN_SELF = YES;
				CLANG_WARN_OBJC_LITERAL_CONVERSION = YES;
				CLANG_WARN_OBJC_ROOT_CLASS = YES_ERROR;
				CLANG_WARN_QUOTED_INCLUDE_IN_FRAMEWORK_HEADER = YES;
				CLANG_WARN_RANGE_LOOP_ANALYSIS = YES;
				CLANG_WARN_STRICT_PROTOTYPES = YES;
				CLANG_WARN_SUSPICIOUS_MOVE = YES;
				CLANG_WARN_UNGUARDED_AVAILABILITY = YES_AGGRESSIVE;
				CLANG_WARN_UNREACHABLE_CODE = YES;
				CLANG_WARN__DUPLICATE_METHOD_MATCH = YES;
				COPY_PHASE_STRIP = NO;
				DEBUG_INFORMATION_FORMAT = dwarf;
				ENABLE_STRICT_OBJC_MSGSEND = YES;
				ENABLE_TESTABILITY = YES;
				GCC_C_LANGUAGE_STANDARD = gnu11;
				GCC_DYNAMIC_NO_PIC = NO;
				GCC_NO_COMMON_BLOCKS = YES;
				GCC_OPTIMIZATION_LEVEL = 0;
				GCC_PREPROCESSOR_DEFINITIONS = (
					"DEBUG=1",
					"$(inherited)",
				);
				GCC_WARN_64_TO_32_BIT_CONVERSION = YES;
				GCC_WARN_ABOUT_RETURN_TYPE = YES_ERROR;
				GCC_WARN_UNDECLARED_SELECTOR = YES;
				GCC_WARN_UNINITIALIZED_AUTOS = YES_AGGRESSIVE;
				GCC_WARN_UNUSED_FUNCTION = YES;
				GCC_WARN_UNUSED_VARIABLE = YES;
				IPHONEOS_DEPLOYMENT_TARGET = 16.2;
				MTL_ENABLE_DEBUG_INFO = INCLUDE_SOURCE;
				MTL_FAST_MATH = YES;
				ONLY_ACTIVE_ARCH = YES;
				SDKROOT = iphoneos;
				SWIFT_ACTIVE_COMPILATION_CONDITIONS = DEBUG;
				SWIFT_OPTIMIZATION_LEVEL = "-Onone";
			};
			name = Debug;
		};
		C4F8C03F29CC788E00284B5A /* Release */ = {
			isa = XCBuildConfiguration;
			buildSettings = {
				ALWAYS_SEARCH_USER_PATHS = NO;
				CLANG_ANALYZER_NONNULL = YES;
				CLANG_ANALYZER_NUMBER_OBJECT_CONVERSION = YES_AGGRESSIVE;
				CLANG_CXX_LANGUAGE_STANDARD = "gnu++20";
				CLANG_ENABLE_MODULES = YES;
				CLANG_ENABLE_OBJC_ARC = YES;
				CLANG_ENABLE_OBJC_WEAK = YES;
				CLANG_WARN_BLOCK_CAPTURE_AUTORELEASING = YES;
				CLANG_WARN_BOOL_CONVERSION = YES;
				CLANG_WARN_COMMA = YES;
				CLANG_WARN_CONSTANT_CONVERSION = YES;
				CLANG_WARN_DEPRECATED_OBJC_IMPLEMENTATIONS = YES;
				CLANG_WARN_DIRECT_OBJC_ISA_USAGE = YES_ERROR;
				CLANG_WARN_DOCUMENTATION_COMMENTS = YES;
				CLANG_WARN_EMPTY_BODY = YES;
				CLANG_WARN_ENUM_CONVERSION = YES;
				CLANG_WARN_INFINITE_RECURSION = YES;
				CLANG_WARN_INT_CONVERSION = YES;
				CLANG_WARN_NON_LITERAL_NULL_CONVERSION = YES;
				CLANG_WARN_OBJC_IMPLICIT_RETAIN_SELF = YES;
				CLANG_WARN_OBJC_LITERAL_CONVERSION = YES;
				CLANG_WARN_OBJC_ROOT_CLASS = YES_ERROR;
				CLANG_WARN_QUOTED_INCLUDE_IN_FRAMEWORK_HEADER = YES;
				CLANG_WARN_RANGE_LOOP_ANALYSIS = YES;
				CLANG_WARN_STRICT_PROTOTYPES = YES;
				CLANG_WARN_SUSPICIOUS_MOVE = YES;
				CLANG_WARN_UNGUARDED_AVAILABILITY = YES_AGGRESSIVE;
				CLANG_WARN_UNREACHABLE_CODE = YES;
				CLANG_WARN__DUPLICATE_METHOD_MATCH = YES;
				COPY_PHASE_STRIP = NO;
				DEBUG_INFORMATION_FORMAT = "dwarf-with-dsym";
				ENABLE_NS_ASSERTIONS = NO;
				ENABLE_STRICT_OBJC_MSGSEND = YES;
				GCC_C_LANGUAGE_STANDARD = gnu11;
				GCC_NO_COMMON_BLOCKS = YES;
				GCC_WARN_64_TO_32_BIT_CONVERSION = YES;
				GCC_WARN_ABOUT_RETURN_TYPE = YES_ERROR;
				GCC_WARN_UNDECLARED_SELECTOR = YES;
				GCC_WARN_UNINITIALIZED_AUTOS = YES_AGGRESSIVE;
				GCC_WARN_UNUSED_FUNCTION = YES;
				GCC_WARN_UNUSED_VARIABLE = YES;
				IPHONEOS_DEPLOYMENT_TARGET = 16.2;
				MTL_ENABLE_DEBUG_INFO = NO;
				MTL_FAST_MATH = YES;
				SDKROOT = iphoneos;
				SWIFT_COMPILATION_MODE = wholemodule;
				SWIFT_OPTIMIZATION_LEVEL = "-O";
				VALIDATE_PRODUCT = YES;
			};
			name = Release;
		};
		C4F8C04129CC788E00284B5A /* Debug */ = {
			isa = XCBuildConfiguration;
			buildSettings = {
				ASSETCATALOG_COMPILER_APPICON_NAME = AppIcon;
				ASSETCATALOG_COMPILER_GLOBAL_ACCENT_COLOR_NAME = AccentColor;
				CODE_SIGN_STYLE = Automatic;
				CURRENT_PROJECT_VERSION = 1;
				DEVELOPMENT_TEAM = GJCLMLX2YB;
				GENERATE_INFOPLIST_FILE = YES;
				INFOPLIST_FILE = TrackerApp/Info.plist;
				INFOPLIST_KEY_UIApplicationSupportsIndirectInputEvents = YES;
				INFOPLIST_KEY_UILaunchStoryboardName = LaunchScreen.storyboard;
				INFOPLIST_KEY_UISupportedInterfaceOrientations = UIInterfaceOrientationPortrait;
				IPHONEOS_DEPLOYMENT_TARGET = 13.4;
				LD_RUNPATH_SEARCH_PATHS = (
					"$(inherited)",
					"@executable_path/Frameworks",
				);
				MARKETING_VERSION = 1.0;
				PRODUCT_BUNDLE_IDENTIFIER = ru.yandex.practicum.RdDevi1.TrackerApp;
				PRODUCT_NAME = "$(TARGET_NAME)";
				SUPPORTED_PLATFORMS = "iphoneos iphonesimulator";
				SUPPORTS_MACCATALYST = NO;
				SUPPORTS_MAC_DESIGNED_FOR_IPHONE_IPAD = NO;
				SWIFT_EMIT_LOC_STRINGS = YES;
				SWIFT_VERSION = 5.0;
				TARGETED_DEVICE_FAMILY = 1;
			};
			name = Debug;
		};
		C4F8C04229CC788E00284B5A /* Release */ = {
			isa = XCBuildConfiguration;
			buildSettings = {
				ASSETCATALOG_COMPILER_APPICON_NAME = AppIcon;
				ASSETCATALOG_COMPILER_GLOBAL_ACCENT_COLOR_NAME = AccentColor;
				CODE_SIGN_STYLE = Automatic;
				CURRENT_PROJECT_VERSION = 1;
				DEVELOPMENT_TEAM = GJCLMLX2YB;
				GENERATE_INFOPLIST_FILE = YES;
				INFOPLIST_FILE = TrackerApp/Info.plist;
				INFOPLIST_KEY_UIApplicationSupportsIndirectInputEvents = YES;
				INFOPLIST_KEY_UILaunchStoryboardName = LaunchScreen.storyboard;
				INFOPLIST_KEY_UISupportedInterfaceOrientations = UIInterfaceOrientationPortrait;
				IPHONEOS_DEPLOYMENT_TARGET = 13.4;
				LD_RUNPATH_SEARCH_PATHS = (
					"$(inherited)",
					"@executable_path/Frameworks",
				);
				MARKETING_VERSION = 1.0;
				PRODUCT_BUNDLE_IDENTIFIER = ru.yandex.practicum.RdDevi1.TrackerApp;
				PRODUCT_NAME = "$(TARGET_NAME)";
				SUPPORTED_PLATFORMS = "iphoneos iphonesimulator";
				SUPPORTS_MACCATALYST = NO;
				SUPPORTS_MAC_DESIGNED_FOR_IPHONE_IPAD = NO;
				SWIFT_EMIT_LOC_STRINGS = YES;
				SWIFT_VERSION = 5.0;
				TARGETED_DEVICE_FAMILY = 1;
			};
			name = Release;
		};
/* End XCBuildConfiguration section */

/* Begin XCConfigurationList section */
		C4F8C02729CC788D00284B5A /* Build configuration list for PBXProject "TrackerApp" */ = {
			isa = XCConfigurationList;
			buildConfigurations = (
				C4F8C03E29CC788E00284B5A /* Debug */,
				C4F8C03F29CC788E00284B5A /* Release */,
			);
			defaultConfigurationIsVisible = 0;
			defaultConfigurationName = Release;
		};
		C4F8C04029CC788E00284B5A /* Build configuration list for PBXNativeTarget "TrackerApp" */ = {
			isa = XCConfigurationList;
			buildConfigurations = (
				C4F8C04129CC788E00284B5A /* Debug */,
				C4F8C04229CC788E00284B5A /* Release */,
			);
			defaultConfigurationIsVisible = 0;
			defaultConfigurationName = Release;
		};
/* End XCConfigurationList section */
	};
	rootObject = C4F8C02429CC788D00284B5A /* Project object */;
}
