// !$*UTF8*$!
{
	archiveVersion = 1;
	classes = {
	};
	objectVersion = 56;
	objects = {

/* Begin PBXBuildFile section */
		C42316192A1DFC7A0081D267 /* CoreDataManager.swift in Sources */ = {isa = PBXBuildFile; fileRef = C42316182A1DFC7A0081D267 /* CoreDataManager.swift */; };
		C423161B2A1E54820081D267 /* OnboardingPageViewController.swift in Sources */ = {isa = PBXBuildFile; fileRef = C423161A2A1E54820081D267 /* OnboardingPageViewController.swift */; };
		C44172F029EF162B00F53BA0 /* SelectTypeEventViewController.swift in Sources */ = {isa = PBXBuildFile; fileRef = C44172EF29EF162B00F53BA0 /* SelectTypeEventViewController.swift */; };
		C44172F429EFFEFC00F53BA0 /* Model.xcdatamodeld in Sources */ = {isa = PBXBuildFile; fileRef = C44172F229EFFEFC00F53BA0 /* Model.xcdatamodeld */; };
		C44172F729F0010300F53BA0 /* TrackerStore.swift in Sources */ = {isa = PBXBuildFile; fileRef = C44172F629F0010300F53BA0 /* TrackerStore.swift */; };
		C44172F929F0011100F53BA0 /* TrackerCategoryStore.swift in Sources */ = {isa = PBXBuildFile; fileRef = C44172F829F0011100F53BA0 /* TrackerCategoryStore.swift */; };
		C44172FB29F0011F00F53BA0 /* TrackerRecordStore.swift in Sources */ = {isa = PBXBuildFile; fileRef = C44172FA29F0011F00F53BA0 /* TrackerRecordStore.swift */; };
		C44172FD29F004A400F53BA0 /* UIColorMarshalling.swift in Sources */ = {isa = PBXBuildFile; fileRef = C44172FC29F004A400F53BA0 /* UIColorMarshalling.swift */; };
		C4486A1C2A28D40E0071C945 /* Localizable.stringsdict in Resources */ = {isa = PBXBuildFile; fileRef = C4486A1E2A28D40E0071C945 /* Localizable.stringsdict */; };
		C44CA03B29D335AF00CF44E1 /* TrackerCell.swift in Sources */ = {isa = PBXBuildFile; fileRef = C44CA03A29D335AF00CF44E1 /* TrackerCell.swift */; };
		C44CA04129D4293400CF44E1 /* TrackerCategory.swift in Sources */ = {isa = PBXBuildFile; fileRef = C44CA04029D4293400CF44E1 /* TrackerCategory.swift */; };
		C44CA04329D4294300CF44E1 /* TrackerRecord.swift in Sources */ = {isa = PBXBuildFile; fileRef = C44CA04229D4294300CF44E1 /* TrackerRecord.swift */; };
		C44CA04629D46F4300CF44E1 /* TrackerCategoryView.swift in Sources */ = {isa = PBXBuildFile; fileRef = C44CA04529D46F4300CF44E1 /* TrackerCategoryView.swift */; };
		C44CA04829D5817C00CF44E1 /* TrackerFormCell.swift in Sources */ = {isa = PBXBuildFile; fileRef = C44CA04729D5817C00CF44E1 /* TrackerFormCell.swift */; };
		C44CA04A29D5D0DB00CF44E1 /* TrackerFormHeaderView.swift in Sources */ = {isa = PBXBuildFile; fileRef = C44CA04929D5D0DB00CF44E1 /* TrackerFormHeaderView.swift */; };
		C48849D229D22F2C00A80AA6 /* UIColor+extension.swift in Sources */ = {isa = PBXBuildFile; fileRef = C48849D129D22F2C00A80AA6 /* UIColor+extension.swift */; };
		C48849D429D30A9100A80AA6 /* TabBarViewController.swift in Sources */ = {isa = PBXBuildFile; fileRef = C48849D329D30A9100A80AA6 /* TabBarViewController.swift */; };
		C48849DB29D3146D00A80AA6 /* TrackerModel.swift in Sources */ = {isa = PBXBuildFile; fileRef = C48849DA29D3146D00A80AA6 /* TrackerModel.swift */; };
		C48849DE29D315D300A80AA6 /* StatisticsViewController.swift in Sources */ = {isa = PBXBuildFile; fileRef = C48849DD29D315D300A80AA6 /* StatisticsViewController.swift */; };
		C48849E029D31FE000A80AA6 /* UICollectionView+extension.swift in Sources */ = {isa = PBXBuildFile; fileRef = C48849DF29D31FE000A80AA6 /* UICollectionView+extension.swift */; };
		C4901E332A5CAC28000367BA /* WeekDay.swift in Sources */ = {isa = PBXBuildFile; fileRef = C4901E322A5CAC28000367BA /* WeekDay.swift */; };
		C49571282A0BE33E00B43FF9 /* CategoriesViewController.swift in Sources */ = {isa = PBXBuildFile; fileRef = C49571272A0BE33E00B43FF9 /* CategoriesViewController.swift */; };
		C495712A2A0BE36A00B43FF9 /* CategoriesViewModel.swift in Sources */ = {isa = PBXBuildFile; fileRef = C49571292A0BE36A00B43FF9 /* CategoriesViewModel.swift */; };
		C495712C2A0BE45A00B43FF9 /* CreateCategoryViewController.swift in Sources */ = {isa = PBXBuildFile; fileRef = C495712B2A0BE45A00B43FF9 /* CreateCategoryViewController.swift */; };
		C495712E2A0BE77400B43FF9 /* CategoryCell.swift in Sources */ = {isa = PBXBuildFile; fileRef = C495712D2A0BE77400B43FF9 /* CategoryCell.swift */; };
		C49571302A1128F100B43FF9 /* UIViewController+hideKeyboard.swift in Sources */ = {isa = PBXBuildFile; fileRef = C495712F2A1128F100B43FF9 /* UIViewController+hideKeyboard.swift */; };
		C49571342A12C54100B43FF9 /* StoreError.swift in Sources */ = {isa = PBXBuildFile; fileRef = C49571332A12C54100B43FF9 /* StoreError.swift */; };
		C4965C842A28C2F900F1133B /* Localizable.strings in Resources */ = {isa = PBXBuildFile; fileRef = C4965C862A28C2F900F1133B /* Localizable.strings */; };
		C4A56D0829DB0DB700038E38 /* ScheduleViewController.swift in Sources */ = {isa = PBXBuildFile; fileRef = C4A56D0729DB0DB700038E38 /* ScheduleViewController.swift */; };
		C4A56D0A29DB1B2B00038E38 /* TrackerFormViewController.swift in Sources */ = {isa = PBXBuildFile; fileRef = C4A56D0929DB1B2B00038E38 /* TrackerFormViewController.swift */; };
		C4A56D0E29DEE7F800038E38 /* Date+extension.swift in Sources */ = {isa = PBXBuildFile; fileRef = C4A56D0D29DEE7F800038E38 /* Date+extension.swift */; };
		C4A9AE9F2A053D8F009ABC10 /* OnboardingViewController.swift in Sources */ = {isa = PBXBuildFile; fileRef = C4A9AE9E2A053D8F009ABC10 /* OnboardingViewController.swift */; };
		C4C587622A2E03A100C54866 /* AnalyticsService.swift in Sources */ = {isa = PBXBuildFile; fileRef = C4C587612A2E03A100C54866 /* AnalyticsService.swift */; };
		C4E420A02A1BBA4200F17332 /* EnterViewController.swift in Sources */ = {isa = PBXBuildFile; fileRef = C4E4209F2A1BBA4200F17332 /* EnterViewController.swift */; };
		C4F8C03029CC788D00284B5A /* AppDelegate.swift in Sources */ = {isa = PBXBuildFile; fileRef = C4F8C02F29CC788D00284B5A /* AppDelegate.swift */; };
		C4F8C03229CC788D00284B5A /* SceneDelegate.swift in Sources */ = {isa = PBXBuildFile; fileRef = C4F8C03129CC788D00284B5A /* SceneDelegate.swift */; };
		C4F8C03429CC788D00284B5A /* TrackersViewController.swift in Sources */ = {isa = PBXBuildFile; fileRef = C4F8C03329CC788D00284B5A /* TrackersViewController.swift */; };
		C4F8C03929CC788E00284B5A /* Assets.xcassets in Resources */ = {isa = PBXBuildFile; fileRef = C4F8C03829CC788E00284B5A /* Assets.xcassets */; };
		C4F8C03C29CC788E00284B5A /* LaunchScreen.storyboard in Resources */ = {isa = PBXBuildFile; fileRef = C4F8C03A29CC788E00284B5A /* LaunchScreen.storyboard */; };
		D5F7951FDCF7AB7651E78D80 /* Pods_TrackerApp.framework in Frameworks */ = {isa = PBXBuildFile; fileRef = DA24E645BAFF2AEB1E8AF371 /* Pods_TrackerApp.framework */; };
/* End PBXBuildFile section */

/* Begin PBXFileReference section */
		34459D4E506B50B2FF727B1F /* Pods-TrackerApp.debug.xcconfig */ = {isa = PBXFileReference; includeInIndex = 1; lastKnownFileType = text.xcconfig; name = "Pods-TrackerApp.debug.xcconfig"; path = "Target Support Files/Pods-TrackerApp/Pods-TrackerApp.debug.xcconfig"; sourceTree = "<group>"; };
		C42316182A1DFC7A0081D267 /* CoreDataManager.swift */ = {isa = PBXFileReference; lastKnownFileType = sourcecode.swift; path = CoreDataManager.swift; sourceTree = "<group>"; };
		C423161A2A1E54820081D267 /* OnboardingPageViewController.swift */ = {isa = PBXFileReference; lastKnownFileType = sourcecode.swift; path = OnboardingPageViewController.swift; sourceTree = "<group>"; };
		C44172EF29EF162B00F53BA0 /* SelectTypeEventViewController.swift */ = {isa = PBXFileReference; lastKnownFileType = sourcecode.swift; path = SelectTypeEventViewController.swift; sourceTree = "<group>"; };
		C44172F329EFFEFC00F53BA0 /* Model.xcdatamodel */ = {isa = PBXFileReference; lastKnownFileType = wrapper.xcdatamodel; path = Model.xcdatamodel; sourceTree = "<group>"; };
		C44172F629F0010300F53BA0 /* TrackerStore.swift */ = {isa = PBXFileReference; lastKnownFileType = sourcecode.swift; path = TrackerStore.swift; sourceTree = "<group>"; };
		C44172F829F0011100F53BA0 /* TrackerCategoryStore.swift */ = {isa = PBXFileReference; lastKnownFileType = sourcecode.swift; path = TrackerCategoryStore.swift; sourceTree = "<group>"; };
		C44172FA29F0011F00F53BA0 /* TrackerRecordStore.swift */ = {isa = PBXFileReference; lastKnownFileType = sourcecode.swift; path = TrackerRecordStore.swift; sourceTree = "<group>"; };
		C44172FC29F004A400F53BA0 /* UIColorMarshalling.swift */ = {isa = PBXFileReference; lastKnownFileType = sourcecode.swift; path = UIColorMarshalling.swift; sourceTree = "<group>"; };
		C4486A1D2A28D40E0071C945 /* en */ = {isa = PBXFileReference; lastKnownFileType = text.plist.stringsdict; name = en; path = en.lproj/Localizable.stringsdict; sourceTree = "<group>"; };
		C4486A1F2A28D4120071C945 /* ru */ = {isa = PBXFileReference; lastKnownFileType = text.plist.stringsdict; name = ru; path = ru.lproj/Localizable.stringsdict; sourceTree = "<group>"; };
		C44CA03A29D335AF00CF44E1 /* TrackerCell.swift */ = {isa = PBXFileReference; lastKnownFileType = sourcecode.swift; path = TrackerCell.swift; sourceTree = "<group>"; };
		C44CA04029D4293400CF44E1 /* TrackerCategory.swift */ = {isa = PBXFileReference; lastKnownFileType = sourcecode.swift; path = TrackerCategory.swift; sourceTree = "<group>"; };
		C44CA04229D4294300CF44E1 /* TrackerRecord.swift */ = {isa = PBXFileReference; lastKnownFileType = sourcecode.swift; path = TrackerRecord.swift; sourceTree = "<group>"; };
		C44CA04529D46F4300CF44E1 /* TrackerCategoryView.swift */ = {isa = PBXFileReference; lastKnownFileType = sourcecode.swift; path = TrackerCategoryView.swift; sourceTree = "<group>"; };
		C44CA04729D5817C00CF44E1 /* TrackerFormCell.swift */ = {isa = PBXFileReference; lastKnownFileType = sourcecode.swift; path = TrackerFormCell.swift; sourceTree = "<group>"; };
		C44CA04929D5D0DB00CF44E1 /* TrackerFormHeaderView.swift */ = {isa = PBXFileReference; lastKnownFileType = sourcecode.swift; path = TrackerFormHeaderView.swift; sourceTree = "<group>"; };
		C48849D129D22F2C00A80AA6 /* UIColor+extension.swift */ = {isa = PBXFileReference; lastKnownFileType = sourcecode.swift; path = "UIColor+extension.swift"; sourceTree = "<group>"; };
		C48849D329D30A9100A80AA6 /* TabBarViewController.swift */ = {isa = PBXFileReference; lastKnownFileType = sourcecode.swift; path = TabBarViewController.swift; sourceTree = "<group>"; };
		C48849DA29D3146D00A80AA6 /* TrackerModel.swift */ = {isa = PBXFileReference; lastKnownFileType = sourcecode.swift; path = TrackerModel.swift; sourceTree = "<group>"; };
		C48849DD29D315D300A80AA6 /* StatisticsViewController.swift */ = {isa = PBXFileReference; lastKnownFileType = sourcecode.swift; path = StatisticsViewController.swift; sourceTree = "<group>"; };
		C48849DF29D31FE000A80AA6 /* UICollectionView+extension.swift */ = {isa = PBXFileReference; lastKnownFileType = sourcecode.swift; path = "UICollectionView+extension.swift"; sourceTree = "<group>"; };
		C4901E322A5CAC28000367BA /* WeekDay.swift */ = {isa = PBXFileReference; lastKnownFileType = sourcecode.swift; path = WeekDay.swift; sourceTree = "<group>"; };
		C49571272A0BE33E00B43FF9 /* CategoriesViewController.swift */ = {isa = PBXFileReference; lastKnownFileType = sourcecode.swift; path = CategoriesViewController.swift; sourceTree = "<group>"; };
		C49571292A0BE36A00B43FF9 /* CategoriesViewModel.swift */ = {isa = PBXFileReference; lastKnownFileType = sourcecode.swift; path = CategoriesViewModel.swift; sourceTree = "<group>"; };
		C495712B2A0BE45A00B43FF9 /* CreateCategoryViewController.swift */ = {isa = PBXFileReference; lastKnownFileType = sourcecode.swift; path = CreateCategoryViewController.swift; sourceTree = "<group>"; };
		C495712D2A0BE77400B43FF9 /* CategoryCell.swift */ = {isa = PBXFileReference; lastKnownFileType = sourcecode.swift; path = CategoryCell.swift; sourceTree = "<group>"; };
		C495712F2A1128F100B43FF9 /* UIViewController+hideKeyboard.swift */ = {isa = PBXFileReference; lastKnownFileType = sourcecode.swift; path = "UIViewController+hideKeyboard.swift"; sourceTree = "<group>"; };
		C49571332A12C54100B43FF9 /* StoreError.swift */ = {isa = PBXFileReference; lastKnownFileType = sourcecode.swift; path = StoreError.swift; sourceTree = "<group>"; };
		C4965C852A28C2F900F1133B /* en */ = {isa = PBXFileReference; lastKnownFileType = text.plist.strings; name = en; path = en.lproj/Localizable.strings; sourceTree = "<group>"; };
		C4965C872A28C2FF00F1133B /* ru */ = {isa = PBXFileReference; lastKnownFileType = text.plist.strings; name = ru; path = ru.lproj/Localizable.strings; sourceTree = "<group>"; };
		C4A56D0729DB0DB700038E38 /* ScheduleViewController.swift */ = {isa = PBXFileReference; lastKnownFileType = sourcecode.swift; path = ScheduleViewController.swift; sourceTree = "<group>"; };
		C4A56D0929DB1B2B00038E38 /* TrackerFormViewController.swift */ = {isa = PBXFileReference; lastKnownFileType = sourcecode.swift; path = TrackerFormViewController.swift; sourceTree = "<group>"; };
		C4A56D0D29DEE7F800038E38 /* Date+extension.swift */ = {isa = PBXFileReference; lastKnownFileType = sourcecode.swift; path = "Date+extension.swift"; sourceTree = "<group>"; };
		C4A9AE9E2A053D8F009ABC10 /* OnboardingViewController.swift */ = {isa = PBXFileReference; lastKnownFileType = sourcecode.swift; path = OnboardingViewController.swift; sourceTree = "<group>"; };
		C4C587612A2E03A100C54866 /* AnalyticsService.swift */ = {isa = PBXFileReference; lastKnownFileType = sourcecode.swift; path = AnalyticsService.swift; sourceTree = "<group>"; };
		C4E4209F2A1BBA4200F17332 /* EnterViewController.swift */ = {isa = PBXFileReference; lastKnownFileType = sourcecode.swift; path = EnterViewController.swift; sourceTree = "<group>"; };
		C4F8C02C29CC788D00284B5A /* TrackerApp.app */ = {isa = PBXFileReference; explicitFileType = wrapper.application; includeInIndex = 0; path = TrackerApp.app; sourceTree = BUILT_PRODUCTS_DIR; };
		C4F8C02F29CC788D00284B5A /* AppDelegate.swift */ = {isa = PBXFileReference; lastKnownFileType = sourcecode.swift; path = AppDelegate.swift; sourceTree = "<group>"; };
		C4F8C03129CC788D00284B5A /* SceneDelegate.swift */ = {isa = PBXFileReference; lastKnownFileType = sourcecode.swift; path = SceneDelegate.swift; sourceTree = "<group>"; };
		C4F8C03329CC788D00284B5A /* TrackersViewController.swift */ = {isa = PBXFileReference; lastKnownFileType = sourcecode.swift; path = TrackersViewController.swift; sourceTree = "<group>"; };
		C4F8C03829CC788E00284B5A /* Assets.xcassets */ = {isa = PBXFileReference; lastKnownFileType = folder.assetcatalog; path = Assets.xcassets; sourceTree = "<group>"; };
		C4F8C03B29CC788E00284B5A /* Base */ = {isa = PBXFileReference; lastKnownFileType = file.storyboard; name = Base; path = Base.lproj/LaunchScreen.storyboard; sourceTree = "<group>"; };
		C4F8C03D29CC788E00284B5A /* Info.plist */ = {isa = PBXFileReference; lastKnownFileType = text.plist.xml; path = Info.plist; sourceTree = "<group>"; };
		C649C1DA1BECCDED427096A3 /* Pods-TrackerApp.release.xcconfig */ = {isa = PBXFileReference; includeInIndex = 1; lastKnownFileType = text.xcconfig; name = "Pods-TrackerApp.release.xcconfig"; path = "Target Support Files/Pods-TrackerApp/Pods-TrackerApp.release.xcconfig"; sourceTree = "<group>"; };
		DA24E645BAFF2AEB1E8AF371 /* Pods_TrackerApp.framework */ = {isa = PBXFileReference; explicitFileType = wrapper.framework; includeInIndex = 0; path = Pods_TrackerApp.framework; sourceTree = BUILT_PRODUCTS_DIR; };
/* End PBXFileReference section */

/* Begin PBXFrameworksBuildPhase section */
		C4F8C02929CC788D00284B5A /* Frameworks */ = {
			isa = PBXFrameworksBuildPhase;
			buildActionMask = 2147483647;
			files = (
				D5F7951FDCF7AB7651E78D80 /* Pods_TrackerApp.framework in Frameworks */,
			);
			runOnlyForDeploymentPostprocessing = 0;
		};
/* End PBXFrameworksBuildPhase section */

/* Begin PBXGroup section */
		93149AF2D00C0F7923A025D5 /* Pods */ = {
			isa = PBXGroup;
			children = (
				34459D4E506B50B2FF727B1F /* Pods-TrackerApp.debug.xcconfig */,
				C649C1DA1BECCDED427096A3 /* Pods-TrackerApp.release.xcconfig */,
			);
			path = Pods;
			sourceTree = "<group>";
		};
		C44172F129EFFE6100F53BA0 /* UI */ = {
			isa = PBXGroup;
			children = (
				C4E4209F2A1BBA4200F17332 /* EnterViewController.swift */,
				C4A9AE9D2A053D6E009ABC10 /* Onboarding */,
				C48849D829D30EE700A80AA6 /* TabBar */,
				C48849D529D30AA700A80AA6 /* Trackers */,
				C44CA04429D46F0400CF44E1 /* CreatingEvents */,
				C49571262A0BE30100B43FF9 /* Categories */,
				C4E4209E2A16279500F17332 /* Schedule */,
				C48849DC29D315B500A80AA6 /* Statistics */,
			);
			path = UI;
			sourceTree = "<group>";
		};
		C44172F529F000EA00F53BA0 /* DataStore */ = {
			isa = PBXGroup;
			children = (
				C42316182A1DFC7A0081D267 /* CoreDataManager.swift */,
				C44172F629F0010300F53BA0 /* TrackerStore.swift */,
				C44172F829F0011100F53BA0 /* TrackerCategoryStore.swift */,
				C44172FA29F0011F00F53BA0 /* TrackerRecordStore.swift */,
				C49571332A12C54100B43FF9 /* StoreError.swift */,
			);
			path = DataStore;
			sourceTree = "<group>";
		};
		C44CA04429D46F0400CF44E1 /* CreatingEvents */ = {
			isa = PBXGroup;
			children = (
				C44172EF29EF162B00F53BA0 /* SelectTypeEventViewController.swift */,
				C4A56D0929DB1B2B00038E38 /* TrackerFormViewController.swift */,
				C44CA04729D5817C00CF44E1 /* TrackerFormCell.swift */,
				C44CA04929D5D0DB00CF44E1 /* TrackerFormHeaderView.swift */,
			);
			path = CreatingEvents;
			sourceTree = "<group>";
		};
		C48849D029D22F0B00A80AA6 /* Helpers */ = {
			isa = PBXGroup;
			children = (
				C48849D129D22F2C00A80AA6 /* UIColor+extension.swift */,
				C48849DF29D31FE000A80AA6 /* UICollectionView+extension.swift */,
				C4A56D0D29DEE7F800038E38 /* Date+extension.swift */,
				C44172FC29F004A400F53BA0 /* UIColorMarshalling.swift */,
				C495712F2A1128F100B43FF9 /* UIViewController+hideKeyboard.swift */,
			);
			path = Helpers;
			sourceTree = "<group>";
		};
		C48849D529D30AA700A80AA6 /* Trackers */ = {
			isa = PBXGroup;
			children = (
				C4F8C03329CC788D00284B5A /* TrackersViewController.swift */,
				C44CA03A29D335AF00CF44E1 /* TrackerCell.swift */,
				C44CA04529D46F4300CF44E1 /* TrackerCategoryView.swift */,
			);
			path = Trackers;
			sourceTree = "<group>";
		};
		C48849D829D30EE700A80AA6 /* TabBar */ = {
			isa = PBXGroup;
			children = (
				C48849D329D30A9100A80AA6 /* TabBarViewController.swift */,
			);
			path = TabBar;
			sourceTree = "<group>";
		};
		C48849D929D3145200A80AA6 /* Models */ = {
			isa = PBXGroup;
			children = (
				C44172F229EFFEFC00F53BA0 /* Model.xcdatamodeld */,
				C48849DA29D3146D00A80AA6 /* TrackerModel.swift */,
				C44CA04029D4293400CF44E1 /* TrackerCategory.swift */,
				C44CA04229D4294300CF44E1 /* TrackerRecord.swift */,
			);
			path = Models;
			sourceTree = "<group>";
		};
		C48849DC29D315B500A80AA6 /* Statistics */ = {
			isa = PBXGroup;
			children = (
				C48849DD29D315D300A80AA6 /* StatisticsViewController.swift */,
			);
			path = Statistics;
			sourceTree = "<group>";
		};
		C49571262A0BE30100B43FF9 /* Categories */ = {
			isa = PBXGroup;
			children = (
				C49571272A0BE33E00B43FF9 /* CategoriesViewController.swift */,
				C495712D2A0BE77400B43FF9 /* CategoryCell.swift */,
				C49571292A0BE36A00B43FF9 /* CategoriesViewModel.swift */,
				C495712B2A0BE45A00B43FF9 /* CreateCategoryViewController.swift */,
			);
			path = Categories;
			sourceTree = "<group>";
		};
		C4A9AE9D2A053D6E009ABC10 /* Onboarding */ = {
			isa = PBXGroup;
			children = (
				C4A9AE9E2A053D8F009ABC10 /* OnboardingViewController.swift */,
				C423161A2A1E54820081D267 /* OnboardingPageViewController.swift */,
			);
			path = Onboarding;
			sourceTree = "<group>";
		};
		C4C587602A2E037F00C54866 /* Services */ = {
			isa = PBXGroup;
			children = (
				C4C587612A2E03A100C54866 /* AnalyticsService.swift */,
			);
			path = Services;
			sourceTree = "<group>";
		};
		C4E4209E2A16279500F17332 /* Schedule */ = {
			isa = PBXGroup;
			children = (
				C4A56D0729DB0DB700038E38 /* ScheduleViewController.swift */,
				C4901E322A5CAC28000367BA /* WeekDay.swift */,
			);
			path = Schedule;
			sourceTree = "<group>";
		};
		C4F8C02329CC788D00284B5A = {
			isa = PBXGroup;
			children = (
				C4F8C02E29CC788D00284B5A /* TrackerApp */,
				C4F8C02D29CC788D00284B5A /* Products */,
				93149AF2D00C0F7923A025D5 /* Pods */,
				F95DBA382162FAE866C16682 /* Frameworks */,
			);
			sourceTree = "<group>";
		};
		C4F8C02D29CC788D00284B5A /* Products */ = {
			isa = PBXGroup;
			children = (
				C4F8C02C29CC788D00284B5A /* TrackerApp.app */,
			);
			name = Products;
			sourceTree = "<group>";
		};
		C4F8C02E29CC788D00284B5A /* TrackerApp */ = {
			isa = PBXGroup;
			children = (
				C4F8C02F29CC788D00284B5A /* AppDelegate.swift */,
				C4F8C03129CC788D00284B5A /* SceneDelegate.swift */,
				C44172F129EFFE6100F53BA0 /* UI */,
				C44172F529F000EA00F53BA0 /* DataStore */,
				C48849D929D3145200A80AA6 /* Models */,
				C48849D029D22F0B00A80AA6 /* Helpers */,
				C4C587602A2E037F00C54866 /* Services */,
				C4F8C03829CC788E00284B5A /* Assets.xcassets */,
				C4F8C03A29CC788E00284B5A /* LaunchScreen.storyboard */,
				C4F8C03D29CC788E00284B5A /* Info.plist */,
				C4965C862A28C2F900F1133B /* Localizable.strings */,
				C4486A1E2A28D40E0071C945 /* Localizable.stringsdict */,
			);
			path = TrackerApp;
			sourceTree = "<group>";
		};
		F95DBA382162FAE866C16682 /* Frameworks */ = {
			isa = PBXGroup;
			children = (
				DA24E645BAFF2AEB1E8AF371 /* Pods_TrackerApp.framework */,
			);
			name = Frameworks;
			sourceTree = "<group>";
		};
/* End PBXGroup section */

/* Begin PBXNativeTarget section */
		C4F8C02B29CC788D00284B5A /* TrackerApp */ = {
			isa = PBXNativeTarget;
			buildConfigurationList = C4F8C04029CC788E00284B5A /* Build configuration list for PBXNativeTarget "TrackerApp" */;
			buildPhases = (
				912F359CB19F3ADCF8EBD92C /* [CP] Check Pods Manifest.lock */,
				C4F8C02829CC788D00284B5A /* Sources */,
				C4F8C02929CC788D00284B5A /* Frameworks */,
				C4F8C02A29CC788D00284B5A /* Resources */,
				E4DA62984AA1575878EF5595 /* [CP] Embed Pods Frameworks */,
			);
			buildRules = (
			);
			dependencies = (
			);
			name = TrackerApp;
			productName = TrackerApp;
			productReference = C4F8C02C29CC788D00284B5A /* TrackerApp.app */;
			productType = "com.apple.product-type.application";
		};
/* End PBXNativeTarget section */

/* Begin PBXProject section */
		C4F8C02429CC788D00284B5A /* Project object */ = {
			isa = PBXProject;
			attributes = {
				BuildIndependentTargetsInParallel = 1;
				LastSwiftUpdateCheck = 1420;
				LastUpgradeCheck = 1420;
				TargetAttributes = {
					C4F8C02B29CC788D00284B5A = {
						CreatedOnToolsVersion = 14.2;
					};
				};
			};
			buildConfigurationList = C4F8C02729CC788D00284B5A /* Build configuration list for PBXProject "TrackerApp" */;
			compatibilityVersion = "Xcode 14.0";
			developmentRegion = en;
			hasScannedForEncodings = 0;
			knownRegions = (
				en,
				Base,
				ru,
			);
			mainGroup = C4F8C02329CC788D00284B5A;
			productRefGroup = C4F8C02D29CC788D00284B5A /* Products */;
			projectDirPath = "";
			projectRoot = "";
			targets = (
				C4F8C02B29CC788D00284B5A /* TrackerApp */,
			);
		};
/* End PBXProject section */

/* Begin PBXResourcesBuildPhase section */
		C4F8C02A29CC788D00284B5A /* Resources */ = {
			isa = PBXResourcesBuildPhase;
			buildActionMask = 2147483647;
			files = (
				C4F8C03C29CC788E00284B5A /* LaunchScreen.storyboard in Resources */,
				C4486A1C2A28D40E0071C945 /* Localizable.stringsdict in Resources */,
				C4965C842A28C2F900F1133B /* Localizable.strings in Resources */,
				C4F8C03929CC788E00284B5A /* Assets.xcassets in Resources */,
			);
			runOnlyForDeploymentPostprocessing = 0;
		};
/* End PBXResourcesBuildPhase section */

/* Begin PBXShellScriptBuildPhase section */
		912F359CB19F3ADCF8EBD92C /* [CP] Check Pods Manifest.lock */ = {
			isa = PBXShellScriptBuildPhase;
			buildActionMask = 2147483647;
			files = (
			);
			inputFileListPaths = (
			);
			inputPaths = (
				"${PODS_PODFILE_DIR_PATH}/Podfile.lock",
				"${PODS_ROOT}/Manifest.lock",
			);
			name = "[CP] Check Pods Manifest.lock";
			outputFileListPaths = (
			);
			outputPaths = (
				"$(DERIVED_FILE_DIR)/Pods-TrackerApp-checkManifestLockResult.txt",
			);
			runOnlyForDeploymentPostprocessing = 0;
			shellPath = /bin/sh;
			shellScript = "diff \"${PODS_PODFILE_DIR_PATH}/Podfile.lock\" \"${PODS_ROOT}/Manifest.lock\" > /dev/null\nif [ $? != 0 ] ; then\n    # print error to STDERR\n    echo \"error: The sandbox is not in sync with the Podfile.lock. Run 'pod install' or update your CocoaPods installation.\" >&2\n    exit 1\nfi\n# This output is used by Xcode 'outputs' to avoid re-running this script phase.\necho \"SUCCESS\" > \"${SCRIPT_OUTPUT_FILE_0}\"\n";
			showEnvVarsInLog = 0;
		};
		E4DA62984AA1575878EF5595 /* [CP] Embed Pods Frameworks */ = {
			isa = PBXShellScriptBuildPhase;
			buildActionMask = 2147483647;
			files = (
			);
			inputFileListPaths = (
				"${PODS_ROOT}/Target Support Files/Pods-TrackerApp/Pods-TrackerApp-frameworks-${CONFIGURATION}-input-files.xcfilelist",
			);
			name = "[CP] Embed Pods Frameworks";
			outputFileListPaths = (
				"${PODS_ROOT}/Target Support Files/Pods-TrackerApp/Pods-TrackerApp-frameworks-${CONFIGURATION}-output-files.xcfilelist",
			);
			runOnlyForDeploymentPostprocessing = 0;
			shellPath = /bin/sh;
			shellScript = "\"${PODS_ROOT}/Target Support Files/Pods-TrackerApp/Pods-TrackerApp-frameworks.sh\"\n";
			showEnvVarsInLog = 0;
		};
/* End PBXShellScriptBuildPhase section */

/* Begin PBXSourcesBuildPhase section */
		C4F8C02829CC788D00284B5A /* Sources */ = {
			isa = PBXSourcesBuildPhase;
			buildActionMask = 2147483647;
			files = (
				C44CA03B29D335AF00CF44E1 /* TrackerCell.swift in Sources */,
				C4A56D0829DB0DB700038E38 /* ScheduleViewController.swift in Sources */,
				C495712C2A0BE45A00B43FF9 /* CreateCategoryViewController.swift in Sources */,
				C495712E2A0BE77400B43FF9 /* CategoryCell.swift in Sources */,
				C44172FB29F0011F00F53BA0 /* TrackerRecordStore.swift in Sources */,
				C44CA04A29D5D0DB00CF44E1 /* TrackerFormHeaderView.swift in Sources */,
				C49571342A12C54100B43FF9 /* StoreError.swift in Sources */,
				C4901E332A5CAC28000367BA /* WeekDay.swift in Sources */,
				C4F8C03429CC788D00284B5A /* TrackersViewController.swift in Sources */,
				C4E420A02A1BBA4200F17332 /* EnterViewController.swift in Sources */,
				C4F8C03029CC788D00284B5A /* AppDelegate.swift in Sources */,
				C423161B2A1E54820081D267 /* OnboardingPageViewController.swift in Sources */,
				C44172F029EF162B00F53BA0 /* SelectTypeEventViewController.swift in Sources */,
				C44172F429EFFEFC00F53BA0 /* Model.xcdatamodeld in Sources */,
				C44CA04329D4294300CF44E1 /* TrackerRecord.swift in Sources */,
				C44172FD29F004A400F53BA0 /* UIColorMarshalling.swift in Sources */,
				C42316192A1DFC7A0081D267 /* CoreDataManager.swift in Sources */,
				C48849E029D31FE000A80AA6 /* UICollectionView+extension.swift in Sources */,
				C49571282A0BE33E00B43FF9 /* CategoriesViewController.swift in Sources */,
				C4A9AE9F2A053D8F009ABC10 /* OnboardingViewController.swift in Sources */,
				C4F8C03229CC788D00284B5A /* SceneDelegate.swift in Sources */,
				C44CA04829D5817C00CF44E1 /* TrackerFormCell.swift in Sources */,
				C495712A2A0BE36A00B43FF9 /* CategoriesViewModel.swift in Sources */,
				C4C587622A2E03A100C54866 /* AnalyticsService.swift in Sources */,
				C44CA04129D4293400CF44E1 /* TrackerCategory.swift in Sources */,
				C48849DE29D315D300A80AA6 /* StatisticsViewController.swift in Sources */,
				C44172F929F0011100F53BA0 /* TrackerCategoryStore.swift in Sources */,
				C44172F729F0010300F53BA0 /* TrackerStore.swift in Sources */,
				C4A56D0A29DB1B2B00038E38 /* TrackerFormViewController.swift in Sources */,
				C44CA04629D46F4300CF44E1 /* TrackerCategoryView.swift in Sources */,
				C48849D429D30A9100A80AA6 /* TabBarViewController.swift in Sources */,
				C4A56D0E29DEE7F800038E38 /* Date+extension.swift in Sources */,
				C48849D229D22F2C00A80AA6 /* UIColor+extension.swift in Sources */,
				C48849DB29D3146D00A80AA6 /* TrackerModel.swift in Sources */,
				C49571302A1128F100B43FF9 /* UIViewController+hideKeyboard.swift in Sources */,
			);
			runOnlyForDeploymentPostprocessing = 0;
		};
/* End PBXSourcesBuildPhase section */

/* Begin PBXVariantGroup section */
		C4486A1E2A28D40E0071C945 /* Localizable.stringsdict */ = {
			isa = PBXVariantGroup;
			children = (
				C4486A1D2A28D40E0071C945 /* en */,
				C4486A1F2A28D4120071C945 /* ru */,
			);
			name = Localizable.stringsdict;
			sourceTree = "<group>";
		};
		C4965C862A28C2F900F1133B /* Localizable.strings */ = {
			isa = PBXVariantGroup;
			children = (
				C4965C852A28C2F900F1133B /* en */,
				C4965C872A28C2FF00F1133B /* ru */,
			);
			name = Localizable.strings;
			sourceTree = "<group>";
		};
		C4F8C03A29CC788E00284B5A /* LaunchScreen.storyboard */ = {
			isa = PBXVariantGroup;
			children = (
				C4F8C03B29CC788E00284B5A /* Base */,
			);
			name = LaunchScreen.storyboard;
			sourceTree = "<group>";
		};
/* End PBXVariantGroup section */

/* Begin XCBuildConfiguration section */
		C4F8C03E29CC788E00284B5A /* Debug */ = {
			isa = XCBuildConfiguration;
			buildSettings = {
				ALWAYS_SEARCH_USER_PATHS = NO;
				CLANG_ANALYZER_LOCALIZABILITY_NONLOCALIZED = YES;
				CLANG_ANALYZER_NONNULL = YES;
				CLANG_ANALYZER_NUMBER_OBJECT_CONVERSION = YES_AGGRESSIVE;
				CLANG_CXX_LANGUAGE_STANDARD = "gnu++20";
				CLANG_ENABLE_MODULES = YES;
				CLANG_ENABLE_OBJC_ARC = YES;
				CLANG_ENABLE_OBJC_WEAK = YES;
				CLANG_WARN_BLOCK_CAPTURE_AUTORELEASING = YES;
				CLANG_WARN_BOOL_CONVERSION = YES;
				CLANG_WARN_COMMA = YES;
				CLANG_WARN_CONSTANT_CONVERSION = YES;
				CLANG_WARN_DEPRECATED_OBJC_IMPLEMENTATIONS = YES;
				CLANG_WARN_DIRECT_OBJC_ISA_USAGE = YES_ERROR;
				CLANG_WARN_DOCUMENTATION_COMMENTS = YES;
				CLANG_WARN_EMPTY_BODY = YES;
				CLANG_WARN_ENUM_CONVERSION = YES;
				CLANG_WARN_INFINITE_RECURSION = YES;
				CLANG_WARN_INT_CONVERSION = YES;
				CLANG_WARN_NON_LITERAL_NULL_CONVERSION = YES;
				CLANG_WARN_OBJC_IMPLICIT_RETAIN_SELF = YES;
				CLANG_WARN_OBJC_LITERAL_CONVERSION = YES;
				CLANG_WARN_OBJC_ROOT_CLASS = YES_ERROR;
				CLANG_WARN_QUOTED_INCLUDE_IN_FRAMEWORK_HEADER = YES;
				CLANG_WARN_RANGE_LOOP_ANALYSIS = YES;
				CLANG_WARN_STRICT_PROTOTYPES = YES;
				CLANG_WARN_SUSPICIOUS_MOVE = YES;
				CLANG_WARN_UNGUARDED_AVAILABILITY = YES_AGGRESSIVE;
				CLANG_WARN_UNREACHABLE_CODE = YES;
				CLANG_WARN__DUPLICATE_METHOD_MATCH = YES;
				COPY_PHASE_STRIP = NO;
				DEBUG_INFORMATION_FORMAT = dwarf;
				ENABLE_STRICT_OBJC_MSGSEND = YES;
				ENABLE_TESTABILITY = YES;
				GCC_C_LANGUAGE_STANDARD = gnu11;
				GCC_DYNAMIC_NO_PIC = NO;
				GCC_NO_COMMON_BLOCKS = YES;
				GCC_OPTIMIZATION_LEVEL = 0;
				GCC_PREPROCESSOR_DEFINITIONS = (
					"DEBUG=1",
					"$(inherited)",
				);
				GCC_WARN_64_TO_32_BIT_CONVERSION = YES;
				GCC_WARN_ABOUT_RETURN_TYPE = YES_ERROR;
				GCC_WARN_UNDECLARED_SELECTOR = YES;
				GCC_WARN_UNINITIALIZED_AUTOS = YES_AGGRESSIVE;
				GCC_WARN_UNUSED_FUNCTION = YES;
				GCC_WARN_UNUSED_VARIABLE = YES;
				IPHONEOS_DEPLOYMENT_TARGET = 16.2;
				MTL_ENABLE_DEBUG_INFO = INCLUDE_SOURCE;
				MTL_FAST_MATH = YES;
				ONLY_ACTIVE_ARCH = YES;
				SDKROOT = iphoneos;
				SWIFT_ACTIVE_COMPILATION_CONDITIONS = DEBUG;
				SWIFT_OPTIMIZATION_LEVEL = "-Onone";
			};
			name = Debug;
		};
		C4F8C03F29CC788E00284B5A /* Release */ = {
			isa = XCBuildConfiguration;
			buildSettings = {
				ALWAYS_SEARCH_USER_PATHS = NO;
				CLANG_ANALYZER_LOCALIZABILITY_NONLOCALIZED = YES;
				CLANG_ANALYZER_NONNULL = YES;
				CLANG_ANALYZER_NUMBER_OBJECT_CONVERSION = YES_AGGRESSIVE;
				CLANG_CXX_LANGUAGE_STANDARD = "gnu++20";
				CLANG_ENABLE_MODULES = YES;
				CLANG_ENABLE_OBJC_ARC = YES;
				CLANG_ENABLE_OBJC_WEAK = YES;
				CLANG_WARN_BLOCK_CAPTURE_AUTORELEASING = YES;
				CLANG_WARN_BOOL_CONVERSION = YES;
				CLANG_WARN_COMMA = YES;
				CLANG_WARN_CONSTANT_CONVERSION = YES;
				CLANG_WARN_DEPRECATED_OBJC_IMPLEMENTATIONS = YES;
				CLANG_WARN_DIRECT_OBJC_ISA_USAGE = YES_ERROR;
				CLANG_WARN_DOCUMENTATION_COMMENTS = YES;
				CLANG_WARN_EMPTY_BODY = YES;
				CLANG_WARN_ENUM_CONVERSION = YES;
				CLANG_WARN_INFINITE_RECURSION = YES;
				CLANG_WARN_INT_CONVERSION = YES;
				CLANG_WARN_NON_LITERAL_NULL_CONVERSION = YES;
				CLANG_WARN_OBJC_IMPLICIT_RETAIN_SELF = YES;
				CLANG_WARN_OBJC_LITERAL_CONVERSION = YES;
				CLANG_WARN_OBJC_ROOT_CLASS = YES_ERROR;
				CLANG_WARN_QUOTED_INCLUDE_IN_FRAMEWORK_HEADER = YES;
				CLANG_WARN_RANGE_LOOP_ANALYSIS = YES;
				CLANG_WARN_STRICT_PROTOTYPES = YES;
				CLANG_WARN_SUSPICIOUS_MOVE = YES;
				CLANG_WARN_UNGUARDED_AVAILABILITY = YES_AGGRESSIVE;
				CLANG_WARN_UNREACHABLE_CODE = YES;
				CLANG_WARN__DUPLICATE_METHOD_MATCH = YES;
				COPY_PHASE_STRIP = NO;
				DEBUG_INFORMATION_FORMAT = "dwarf-with-dsym";
				ENABLE_NS_ASSERTIONS = NO;
				ENABLE_STRICT_OBJC_MSGSEND = YES;
				GCC_C_LANGUAGE_STANDARD = gnu11;
				GCC_NO_COMMON_BLOCKS = YES;
				GCC_WARN_64_TO_32_BIT_CONVERSION = YES;
				GCC_WARN_ABOUT_RETURN_TYPE = YES_ERROR;
				GCC_WARN_UNDECLARED_SELECTOR = YES;
				GCC_WARN_UNINITIALIZED_AUTOS = YES_AGGRESSIVE;
				GCC_WARN_UNUSED_FUNCTION = YES;
				GCC_WARN_UNUSED_VARIABLE = YES;
				IPHONEOS_DEPLOYMENT_TARGET = 16.2;
				MTL_ENABLE_DEBUG_INFO = NO;
				MTL_FAST_MATH = YES;
				SDKROOT = iphoneos;
				SWIFT_COMPILATION_MODE = wholemodule;
				SWIFT_OPTIMIZATION_LEVEL = "-O";
				VALIDATE_PRODUCT = YES;
			};
			name = Release;
		};
		C4F8C04129CC788E00284B5A /* Debug */ = {
			isa = XCBuildConfiguration;
			baseConfigurationReference = 34459D4E506B50B2FF727B1F /* Pods-TrackerApp.debug.xcconfig */;
			buildSettings = {
				ASSETCATALOG_COMPILER_APPICON_NAME = AppIcon;
				ASSETCATALOG_COMPILER_GLOBAL_ACCENT_COLOR_NAME = AccentColor;
				CODE_SIGN_STYLE = Automatic;
				CURRENT_PROJECT_VERSION = 1;
				DEVELOPMENT_TEAM = GJCLMLX2YB;
				GENERATE_INFOPLIST_FILE = YES;
				INFOPLIST_FILE = TrackerApp/Info.plist;
				INFOPLIST_KEY_UIApplicationSupportsIndirectInputEvents = YES;
				INFOPLIST_KEY_UILaunchStoryboardName = LaunchScreen.storyboard;
				INFOPLIST_KEY_UISupportedInterfaceOrientations = UIInterfaceOrientationPortrait;
				IPHONEOS_DEPLOYMENT_TARGET = 13.4;
				LD_RUNPATH_SEARCH_PATHS = (
					"$(inherited)",
					"@executable_path/Frameworks",
				);
				MARKETING_VERSION = 1.0;
				PRODUCT_BUNDLE_IDENTIFIER = ru.yandex.practicum.RdDevi1.TrackerApp;
				PRODUCT_NAME = "$(TARGET_NAME)";
				SUPPORTED_PLATFORMS = "iphoneos iphonesimulator";
				SUPPORTS_MACCATALYST = NO;
				SUPPORTS_MAC_DESIGNED_FOR_IPHONE_IPAD = NO;
				SWIFT_EMIT_LOC_STRINGS = YES;
				SWIFT_VERSION = 5.0;
				TARGETED_DEVICE_FAMILY = 1;
			};
			name = Debug;
		};
		C4F8C04229CC788E00284B5A /* Release */ = {
			isa = XCBuildConfiguration;
			baseConfigurationReference = C649C1DA1BECCDED427096A3 /* Pods-TrackerApp.release.xcconfig */;
			buildSettings = {
				ASSETCATALOG_COMPILER_APPICON_NAME = AppIcon;
				ASSETCATALOG_COMPILER_GLOBAL_ACCENT_COLOR_NAME = AccentColor;
				CODE_SIGN_STYLE = Automatic;
				CURRENT_PROJECT_VERSION = 1;
				DEVELOPMENT_TEAM = GJCLMLX2YB;
				GENERATE_INFOPLIST_FILE = YES;
				INFOPLIST_FILE = TrackerApp/Info.plist;
				INFOPLIST_KEY_UIApplicationSupportsIndirectInputEvents = YES;
				INFOPLIST_KEY_UILaunchStoryboardName = LaunchScreen.storyboard;
				INFOPLIST_KEY_UISupportedInterfaceOrientations = UIInterfaceOrientationPortrait;
				IPHONEOS_DEPLOYMENT_TARGET = 13.4;
				LD_RUNPATH_SEARCH_PATHS = (
					"$(inherited)",
					"@executable_path/Frameworks",
				);
				MARKETING_VERSION = 1.0;
				PRODUCT_BUNDLE_IDENTIFIER = ru.yandex.practicum.RdDevi1.TrackerApp;
				PRODUCT_NAME = "$(TARGET_NAME)";
				SUPPORTED_PLATFORMS = "iphoneos iphonesimulator";
				SUPPORTS_MACCATALYST = NO;
				SUPPORTS_MAC_DESIGNED_FOR_IPHONE_IPAD = NO;
				SWIFT_EMIT_LOC_STRINGS = YES;
				SWIFT_VERSION = 5.0;
				TARGETED_DEVICE_FAMILY = 1;
			};
			name = Release;
		};
/* End XCBuildConfiguration section */

/* Begin XCConfigurationList section */
		C4F8C02729CC788D00284B5A /* Build configuration list for PBXProject "TrackerApp" */ = {
			isa = XCConfigurationList;
			buildConfigurations = (
				C4F8C03E29CC788E00284B5A /* Debug */,
				C4F8C03F29CC788E00284B5A /* Release */,
			);
			defaultConfigurationIsVisible = 0;
			defaultConfigurationName = Release;
		};
		C4F8C04029CC788E00284B5A /* Build configuration list for PBXNativeTarget "TrackerApp" */ = {
			isa = XCConfigurationList;
			buildConfigurations = (
				C4F8C04129CC788E00284B5A /* Debug */,
				C4F8C04229CC788E00284B5A /* Release */,
			);
			defaultConfigurationIsVisible = 0;
			defaultConfigurationName = Release;
		};
/* End XCConfigurationList section */

/* Begin XCVersionGroup section */
		C44172F229EFFEFC00F53BA0 /* Model.xcdatamodeld */ = {
			isa = XCVersionGroup;
			children = (
				C44172F329EFFEFC00F53BA0 /* Model.xcdatamodel */,
			);
			currentVersion = C44172F329EFFEFC00F53BA0 /* Model.xcdatamodel */;
			path = Model.xcdatamodeld;
			sourceTree = "<group>";
			versionGroupType = wrapper.xcdatamodel;
		};
/* End XCVersionGroup section */
	};
	rootObject = C4F8C02429CC788D00284B5A /* Project object */;
}
